{
  "name": "clock-tower",
  "version": "1.0.0",
  "lockfileVersion": 1,
  "requires": true,
  "dependencies": {
    "moment": {
      "version": "2.24.0",
      "resolved": "https://registry.npmjs.org/moment/-/moment-2.24.0.tgz",
      "integrity": "sha512-bV7f+6l2QigeBBZSM/6yTNq4P2fNpSWj/0e7jQcy87A8e7o2nAfP/34/2ky5Vw4B9S446EtIhodAzkFCcR4dQg=="
    },
    "node-omxplayer": {
      "version": "0.6.1",
      "resolved": "https://registry.npmjs.org/node-omxplayer/-/node-omxplayer-0.6.1.tgz",
      "integrity": "sha512-yRhzO8iDwN6fzMs862xrCDu4vnjpRmus8yzu2S9WP14OqgeB0epdKipJro+C9iqIQ6OD5Ao25ZuftZ1Lw/kisA=="
    }
  }
}
