{
  "name": "clock-tower",
  "version": "1.0.0",
  "lockfileVersion": 1,
  "requires": true,
  "dependencies": {
    "moment": {
      "version": "2.29.4",
      "resolved": "https://registry.npmjs.org/moment/-/moment-2.29.4.tgz",
      "integrity": "sha512-5LC9SOxjSc2HF6vO2CyuTDNivEdoz2IvyJJGj6X8DJ0eFyfszE0QiEd+iXmBvUP3WHxSjFH/vIsA0EN00cgr8w=="
    },
    "node-omxplayer": {
      "version": "0.6.1",
      "resolved": "https://registry.npmjs.org/node-omxplayer/-/node-omxplayer-0.6.1.tgz",
      "integrity": "sha512-yRhzO8iDwN6fzMs862xrCDu4vnjpRmus8yzu2S9WP14OqgeB0epdKipJro+C9iqIQ6OD5Ao25ZuftZ1Lw/kisA=="
    }
  }
}
